
Microsoft Visual Studio Solution File, Format Version 12.00
# Visual Studio Version 17
VisualStudioVersion = 17.1.32210.238
MinimumVisualStudioVersion = 10.0.40219.1
Project("{9A19103F-16F7-4668-BE54-9A1E7A4F7556}") = "Einstein", "Einstein\Einstein.csproj", "{7F91C4E5-D842-43DA-8E3F-63B65350CAB4}"
EndProject
Project("{2150E333-8FDC-42A3-9474-1A3956D46DE8}") = "Tests", "Tests", "{D1CE347A-E2A5-4357-B8AB-484C377D9EB0}"
EndProject
Project("{FAE04EC0-301F-11D3-BF4B-00C04F79EFBC}") = "Einstein.Tests", "Einstein.Tests\Einstein.Tests.csproj", "{0F5E25BD-44F6-4253-AC12-29E60302997E}"
EndProject
Global
	GlobalSection(SolutionConfigurationPlatforms) = preSolution
		Debug|Any CPU = Debug|Any CPU
		Release|Any CPU = Release|Any CPU
	EndGlobalSection
	GlobalSection(ProjectConfigurationPlatforms) = postSolution
		{7F91C4E5-D842-43DA-8E3F-63B65350CAB4}.Debug|Any CPU.ActiveCfg = Debug|Any CPU
		{7F91C4E5-D842-43DA-8E3F-63B65350CAB4}.Debug|Any CPU.Build.0 = Debug|Any CPU
		{7F91C4E5-D842-43DA-8E3F-63B65350CAB4}.Release|Any CPU.ActiveCfg = Release|Any CPU
		{7F91C4E5-D842-43DA-8E3F-63B65350CAB4}.Release|Any CPU.Build.0 = Release|Any CPU
		{0F5E25BD-44F6-4253-AC12-29E60302997E}.Debug|Any CPU.ActiveCfg = Debug|Any CPU
		{0F5E25BD-44F6-4253-AC12-29E60302997E}.Debug|Any CPU.Build.0 = Debug|Any CPU
		{0F5E25BD-44F6-4253-AC12-29E60302997E}.Release|Any CPU.ActiveCfg = Release|Any CPU
		{0F5E25BD-44F6-4253-AC12-29E60302997E}.Release|Any CPU.Build.0 = Release|Any CPU
	EndGlobalSection
	GlobalSection(SolutionProperties) = preSolution
		HideSolutionNode = FALSE
	EndGlobalSection
	GlobalSection(NestedProjects) = preSolution
		{0F5E25BD-44F6-4253-AC12-29E60302997E} = {D1CE347A-E2A5-4357-B8AB-484C377D9EB0}
	EndGlobalSection
	GlobalSection(ExtensibilityGlobals) = postSolution
		SolutionGuid = {AB7D7D21-15CC-432C-8BC3-BDF0D8BC7837}
	EndGlobalSection
EndGlobal
